
Microsoft Visual Studio Solution File, Format Version 12.00
# Visual Studio Version 16
VisualStudioVersion = 16.0.31702.278
MinimumVisualStudioVersion = 10.0.40219.1
Project("{FAE04EC0-301F-11D3-BF4B-00C04F79EFBC}") = "DiscountManagement", "DiscountManagement\DiscountManagement.csproj", "{3E846C05-01FF-401D-AEC4-313165CBD522}"
EndProject
Global
	GlobalSection(SolutionConfigurationPlatforms) = preSolution
		Debug|Any CPU = Debug|Any CPU
		Release|Any CPU = Release|Any CPU
	EndGlobalSection
	GlobalSection(ProjectConfigurationPlatforms) = postSolution
		{3E846C05-01FF-401D-AEC4-313165CBD522}.Debug|Any CPU.ActiveCfg = Debug|Any CPU
		{3E846C05-01FF-401D-AEC4-313165CBD522}.Debug|Any CPU.Build.0 = Debug|Any CPU
		{3E846C05-01FF-401D-AEC4-313165CBD522}.Release|Any CPU.ActiveCfg = Release|Any CPU
		{3E846C05-01FF-401D-AEC4-313165CBD522}.Release|Any CPU.Build.0 = Release|Any CPU
	EndGlobalSection
	GlobalSection(SolutionProperties) = preSolution
		HideSolutionNode = FALSE
	EndGlobalSection
	GlobalSection(ExtensibilityGlobals) = postSolution
		SolutionGuid = {099B8F62-6F88-497E-8679-4DF8130405C5}
	EndGlobalSection
EndGlobal
